
Microsoft Visual Studio Solution File, Format Version 12.00
# Visual Studio Version 17
VisualStudioVersion = 17.4.33213.308
MinimumVisualStudioVersion = 10.0.40219.1
Project("{FAE04EC0-301F-11D3-BF4B-00C04F79EFBC}") = "TechTest.PhoneBook", "TechTest.PhoneBook.csproj", "{A20D9B99-3509-432E-9778-E93315941AB5}"
EndProject
Global
	GlobalSection(SolutionConfigurationPlatforms) = preSolution
		Debug|Any CPU = Debug|Any CPU
		Release|Any CPU = Release|Any CPU
	EndGlobalSection
	GlobalSection(ProjectConfigurationPlatforms) = postSolution
		{A20D9B99-3509-432E-9778-E93315941AB5}.Debug|Any CPU.ActiveCfg = Debug|Any CPU
		{A20D9B99-3509-432E-9778-E93315941AB5}.Debug|Any CPU.Build.0 = Debug|Any CPU
		{A20D9B99-3509-432E-9778-E93315941AB5}.Release|Any CPU.ActiveCfg = Release|Any CPU
		{A20D9B99-3509-432E-9778-E93315941AB5}.Release|Any CPU.Build.0 = Release|Any CPU
	EndGlobalSection
	GlobalSection(SolutionProperties) = preSolution
		HideSolutionNode = FALSE
	EndGlobalSection
	GlobalSection(ExtensibilityGlobals) = postSolution
		SolutionGuid = {CC3DC3B2-52BC-45EF-B551-0AC4399F79F0}
	EndGlobalSection
EndGlobal
